
Microsoft Visual Studio Solution File, Format Version 12.00
# Visual Studio Version 17
VisualStudioVersion = 17.3.32819.101
MinimumVisualStudioVersion = 10.0.40219.1
Project("{FAE04EC0-301F-11D3-BF4B-00C04F79EFBC}") = "Task_Async", "Task_Async\Task_Async.csproj", "{BAD0AD4B-5B38-4980-88CB-937DE012EB15}"
EndProject
Global
	GlobalSection(SolutionConfigurationPlatforms) = preSolution
		Debug|Any CPU = Debug|Any CPU
		Release|Any CPU = Release|Any CPU
	EndGlobalSection
	GlobalSection(ProjectConfigurationPlatforms) = postSolution
		{BAD0AD4B-5B38-4980-88CB-937DE012EB15}.Debug|Any CPU.ActiveCfg = Debug|Any CPU
		{BAD0AD4B-5B38-4980-88CB-937DE012EB15}.Debug|Any CPU.Build.0 = Debug|Any CPU
		{BAD0AD4B-5B38-4980-88CB-937DE012EB15}.Release|Any CPU.ActiveCfg = Release|Any CPU
		{BAD0AD4B-5B38-4980-88CB-937DE012EB15}.Release|Any CPU.Build.0 = Release|Any CPU
	EndGlobalSection
	GlobalSection(SolutionProperties) = preSolution
		HideSolutionNode = FALSE
	EndGlobalSection
	GlobalSection(ExtensibilityGlobals) = postSolution
		SolutionGuid = {12F85E7E-2162-4303-83B6-F8C28ED78D3F}
	EndGlobalSection
EndGlobal
